PODS:
  - Flutter (1.0.0)
  - integration_test (0.0.1):
    - Flutter
  - libwebp (1.5.0):
    - libwebp/demux (= 1.5.0)
    - libwebp/mux (= 1.5.0)
    - libwebp/sharpyuv (= 1.5.0)
    - libwebp/webp (= 1.5.0)
  - libwebp/demux (1.5.0):
    - libwebp/webp
  - libwebp/mux (1.5.0):
    - libwebp/demux
  - libwebp/sharpyuv (1.5.0)
  - libwebp/webp (1.5.0):
    - libwebp/sharpyuv
  - path_provider_foundation (0.0.1):
    - Flutter
    - FlutterMacOS
  - SDWebImage (5.21.3):
    - SDWebImage/Core (= 5.21.3)
  - SDWebImage/Core (5.21.3)
  - SDWebImageWebPCoder (0.15.0):
    - libwebp (~> 1.0)
    - SDWebImage/Core (~> 5.17)
  - webp_extractor (0.0.1):
    - Flutter
    - SDWebImage
    - SDWebImageWebPCoder

DEPENDENCIES:
  - Flutter (from `Flutter`)
  - integration_test (from `.symlinks/plugins/integration_test/ios`)
  - path_provider_foundation (from `.symlinks/plugins/path_provider_foundation/darwin`)
  - webp_extractor (from `.symlinks/plugins/webp_extractor/ios`)

SPEC REPOS:
  trunk:
    - libwebp
    - SDWebImage
    - SDWebImageWebPCoder

EXTERNAL SOURCES:
  Flutter:
    :path: Flutter
  integration_test:
    :path: ".symlinks/plugins/integration_test/ios"
  path_provider_foundation:
    :path: ".symlinks/plugins/path_provider_foundation/darwin"
  webp_extractor:
    :path: ".symlinks/plugins/webp_extractor/ios"

SPEC CHECKSUMS:
  Flutter: e0871f40cf51350855a761d2e70bf5af5b9b5de7
  integration_test: 252f60fa39af5e17c3aa9899d35d908a0721b573
  libwebp: 02b23773aedb6ff1fd38cec7a77b81414c6842a8
  path_provider_foundation: 2b6b4c569c0fb62ec74538f866245ac84301af46
  SDWebImage: 16309af6d214ba3f77a7c6f6fdda888cb313a50a
  SDWebImageWebPCoder: 0e06e365080397465cc73a7a9b472d8a3bd0f377
  webp_extractor: 508ff77d0b3c39d6de440c999a110edfdfc51550

PODFILE CHECKSUM: cb90a10e778e1477f7261c78299f7c415c16adc7

COCOAPODS: 1.16.2
